# This file is autogenerated, do not edit; changes may be undone by the next 'dep ensure'.


[[projects]]
  branch = "master"
  name = "github.com/asticode/goav"
  packages = [
    "avcodec",
    "avformat",
    "avutil"
  ]
  revision = "5befc9396ad1ce44c6eb1953d3616616b3c4ce28"

[[projects]]
  branch = "master"
  name = "github.com/pixelbender/go-rtmp"
  packages = [
    "amf",
    "rtmp"
  ]
  revision = "7857a1ec34f356495f57e82f4c738cb17f4c4db4"

[solve-meta]
  analyzer-name = "dep"
  analyzer-version = 1
  inputs-digest = "79403d811127152ef9da773bacd9127eee0466dbcbe107da9526deea53e57492"
  solver-name = "gps-cdcl"
  solver-version = 1
